
Microsoft Visual Studio Solution File, Format Version 12.00
# Visual Studio Version 17
VisualStudioVersion = 17.0.31903.59
MinimumVisualStudioVersion = 10.0.40219.1
Project("{2150E333-8FDC-42A3-9474-1A3956D46DE8}") = "src", "src", "{64CB5211-C701-4A9B-BF3C-73C6F8D0B11A}"
EndProject
Project("{FAE04EC0-301F-11D3-BF4B-00C04F79EFBC}") = "GestionVentes.Shared", "src\GestionVentes.Shared\GestionVentes.Shared.csproj", "{1291094B-6B4F-4B19-A0CE-DCBA96836770}"
EndProject
Project("{FAE04EC0-301F-11D3-BF4B-00C04F79EFBC}") = "GestionVentes.API", "src\GestionVentes.API\GestionVentes.API.csproj", "{BC38B876-67C5-4379-8ABB-386391888CCB}"
EndProject
Global
	GlobalSection(SolutionConfigurationPlatforms) = preSolution
		Debug|Any CPU = Debug|Any CPU
		Release|Any CPU = Release|Any CPU
	EndGlobalSection
	GlobalSection(SolutionProperties) = preSolution
		HideSolutionNode = FALSE
	EndGlobalSection
	GlobalSection(ProjectConfigurationPlatforms) = postSolution
		{1291094B-6B4F-4B19-A0CE-DCBA96836770}.Debug|Any CPU.ActiveCfg = Debug|Any CPU
		{1291094B-6B4F-4B19-A0CE-DCBA96836770}.Debug|Any CPU.Build.0 = Debug|Any CPU
		{1291094B-6B4F-4B19-A0CE-DCBA96836770}.Release|Any CPU.ActiveCfg = Release|Any CPU
		{1291094B-6B4F-4B19-A0CE-DCBA96836770}.Release|Any CPU.Build.0 = Release|Any CPU
		{BC38B876-67C5-4379-8ABB-386391888CCB}.Debug|Any CPU.ActiveCfg = Debug|Any CPU
		{BC38B876-67C5-4379-8ABB-386391888CCB}.Debug|Any CPU.Build.0 = Debug|Any CPU
		{BC38B876-67C5-4379-8ABB-386391888CCB}.Release|Any CPU.ActiveCfg = Release|Any CPU
		{BC38B876-67C5-4379-8ABB-386391888CCB}.Release|Any CPU.Build.0 = Release|Any CPU
	EndGlobalSection
	GlobalSection(NestedProjects) = preSolution
		{1291094B-6B4F-4B19-A0CE-DCBA96836770} = {64CB5211-C701-4A9B-BF3C-73C6F8D0B11A}
		{BC38B876-67C5-4379-8ABB-386391888CCB} = {64CB5211-C701-4A9B-BF3C-73C6F8D0B11A}
	EndGlobalSection
EndGlobal
